
Microsoft Visual Studio Solution File, Format Version 12.00
Project("{FAE04EC0-301F-11D3-BF4B-00C04F79EFBC}") = "Api", "Api\Api.csproj", "{EDA38761-F55B-475C-B4E4-DA1E339F0782}"
EndProject
Project("{FAE04EC0-301F-11D3-BF4B-00C04F79EFBC}") = "Domain", "Domain\Domain.csproj", "{118D491F-947E-48E8-B625-D4A6A92388CE}"
EndProject
Project("{FAE04EC0-301F-11D3-BF4B-00C04F79EFBC}") = "Application", "Application\Application.csproj", "{E48A3387-28DD-44B8-8543-239039E5B62B}"
EndProject
Project("{FAE04EC0-301F-11D3-BF4B-00C04F79EFBC}") = "Infrastructure", "Infrastructure\Infrastructure.csproj", "{4DA47312-CEA2-4138-85F1-E260D6FFF248}"
EndProject
Global
	GlobalSection(SolutionConfigurationPlatforms) = preSolution
		Debug|Any CPU = Debug|Any CPU
		Release|Any CPU = Release|Any CPU
	EndGlobalSection
	GlobalSection(ProjectConfigurationPlatforms) = postSolution
		{EDA38761-F55B-475C-B4E4-DA1E339F0782}.Debug|Any CPU.ActiveCfg = Debug|Any CPU
		{EDA38761-F55B-475C-B4E4-DA1E339F0782}.Debug|Any CPU.Build.0 = Debug|Any CPU
		{EDA38761-F55B-475C-B4E4-DA1E339F0782}.Release|Any CPU.ActiveCfg = Release|Any CPU
		{EDA38761-F55B-475C-B4E4-DA1E339F0782}.Release|Any CPU.Build.0 = Release|Any CPU
		{118D491F-947E-48E8-B625-D4A6A92388CE}.Debug|Any CPU.ActiveCfg = Debug|Any CPU
		{118D491F-947E-48E8-B625-D4A6A92388CE}.Debug|Any CPU.Build.0 = Debug|Any CPU
		{118D491F-947E-48E8-B625-D4A6A92388CE}.Release|Any CPU.ActiveCfg = Release|Any CPU
		{118D491F-947E-48E8-B625-D4A6A92388CE}.Release|Any CPU.Build.0 = Release|Any CPU
		{E48A3387-28DD-44B8-8543-239039E5B62B}.Debug|Any CPU.ActiveCfg = Debug|Any CPU
		{E48A3387-28DD-44B8-8543-239039E5B62B}.Debug|Any CPU.Build.0 = Debug|Any CPU
		{E48A3387-28DD-44B8-8543-239039E5B62B}.Release|Any CPU.ActiveCfg = Release|Any CPU
		{E48A3387-28DD-44B8-8543-239039E5B62B}.Release|Any CPU.Build.0 = Release|Any CPU
		{4DA47312-CEA2-4138-85F1-E260D6FFF248}.Debug|Any CPU.ActiveCfg = Debug|Any CPU
		{4DA47312-CEA2-4138-85F1-E260D6FFF248}.Debug|Any CPU.Build.0 = Debug|Any CPU
		{4DA47312-CEA2-4138-85F1-E260D6FFF248}.Release|Any CPU.ActiveCfg = Release|Any CPU
		{4DA47312-CEA2-4138-85F1-E260D6FFF248}.Release|Any CPU.Build.0 = Release|Any CPU
	EndGlobalSection
EndGlobal
